
Microsoft Visual Studio Solution File, Format Version 12.00
# Visual Studio Version 16
VisualStudioVersion = 16.0.32413.511
MinimumVisualStudioVersion = 10.0.40219.1
Project("{FAE04EC0-301F-11D3-BF4B-00C04F79EFBC}") = "Page_traffic_track_by_session", "Page_traffic_track_by_session\Page_traffic_track_by_session.csproj", "{D46F3FF6-BB94-441C-B8E6-142F3A9B194D}"
EndProject
Global
	GlobalSection(SolutionConfigurationPlatforms) = preSolution
		Debug|Any CPU = Debug|Any CPU
		Release|Any CPU = Release|Any CPU
	EndGlobalSection
	GlobalSection(ProjectConfigurationPlatforms) = postSolution
		{D46F3FF6-BB94-441C-B8E6-142F3A9B194D}.Debug|Any CPU.ActiveCfg = Debug|Any CPU
		{D46F3FF6-BB94-441C-B8E6-142F3A9B194D}.Debug|Any CPU.Build.0 = Debug|Any CPU
		{D46F3FF6-BB94-441C-B8E6-142F3A9B194D}.Release|Any CPU.ActiveCfg = Release|Any CPU
		{D46F3FF6-BB94-441C-B8E6-142F3A9B194D}.Release|Any CPU.Build.0 = Release|Any CPU
	EndGlobalSection
	GlobalSection(SolutionProperties) = preSolution
		HideSolutionNode = FALSE
	EndGlobalSection
	GlobalSection(ExtensibilityGlobals) = postSolution
		SolutionGuid = {42469135-5DCA-4C3D-A1A5-C6E6EBABE8CB}
	EndGlobalSection
EndGlobal
